Microsoft Visual Studio Solution File, Format Version 12.00
# Visual Studio Version 16
VisualStudioVersion = 16.0.0.0
MinimumVisualStudioVersion = 16.0.0.0
Project("{9A19103F-16F7-4668-BE54-9A1E7A4F7556}") = "ReactiveUI.Test.Server", "ReactiveUI.Test.Server\ReactiveUI.Test.Server.csproj", "{C1F90AF7-A8F2-4BEB-90EC-672D28D44B46}"
EndProject
Project("{9A19103F-16F7-4668-BE54-9A1E7A4F7556}") = "ReactiveUI.Test.Client", "ReactiveUI.Test.Client\ReactiveUI.Test.Client.csproj", "{FEB148E9-E5FF-4D56-B347-FC7CF124F107}"
EndProject
Project("{9A19103F-16F7-4668-BE54-9A1E7A4F7556}") = "ReactiveUI.Test.Shared", "ReactiveUI.Test.Shared\ReactiveUI.Test.Shared.csproj", "{A491D004-650F-418A-8077-77F62EF567AE}"
EndProject
Project("{9A19103F-16F7-4668-BE54-9A1E7A4F7556}") = "ReactiveUI", "..\..\..\ReactiveUI.Preview\src\ReactiveUI\ReactiveUI.csproj", "{5E17FF1A-445B-4D26-99AD-ADC29F9EFC98}"
EndProject
Global
	GlobalSection(SolutionConfigurationPlatforms) = preSolution
		Debug|Any CPU = Debug|Any CPU
		Debug|x64 = Debug|x64
		Debug|x86 = Debug|x86
		Release|Any CPU = Release|Any CPU
		Release|x64 = Release|x64
		Release|x86 = Release|x86
	EndGlobalSection
	GlobalSection(ProjectConfigurationPlatforms) = postSolution
		{C1F90AF7-A8F2-4BEB-90EC-672D28D44B46}.Debug|Any CPU.ActiveCfg = Debug|Any CPU
		{C1F90AF7-A8F2-4BEB-90EC-672D28D44B46}.Debug|Any CPU.Build.0 = Debug|Any CPU
		{C1F90AF7-A8F2-4BEB-90EC-672D28D44B46}.Debug|x64.ActiveCfg = Debug|Any CPU
		{C1F90AF7-A8F2-4BEB-90EC-672D28D44B46}.Debug|x64.Build.0 = Debug|Any CPU
		{C1F90AF7-A8F2-4BEB-90EC-672D28D44B46}.Debug|x86.ActiveCfg = Debug|Any CPU
		{C1F90AF7-A8F2-4BEB-90EC-672D28D44B46}.Debug|x86.Build.0 = Debug|Any CPU
		{C1F90AF7-A8F2-4BEB-90EC-672D28D44B46}.Release|Any CPU.ActiveCfg = Release|Any CPU
		{C1F90AF7-A8F2-4BEB-90EC-672D28D44B46}.Release|Any CPU.Build.0 = Release|Any CPU
		{C1F90AF7-A8F2-4BEB-90EC-672D28D44B46}.Release|x64.ActiveCfg = Release|Any CPU
		{C1F90AF7-A8F2-4BEB-90EC-672D28D44B46}.Release|x64.Build.0 = Release|Any CPU
		{C1F90AF7-A8F2-4BEB-90EC-672D28D44B46}.Release|x86.ActiveCfg = Release|Any CPU
		{C1F90AF7-A8F2-4BEB-90EC-672D28D44B46}.Release|x86.Build.0 = Release|Any CPU
		{FEB148E9-E5FF-4D56-B347-FC7CF124F107}.Debug|Any CPU.ActiveCfg = Debug|Any CPU
		{FEB148E9-E5FF-4D56-B347-FC7CF124F107}.Debug|Any CPU.Build.0 = Debug|Any CPU
		{FEB148E9-E5FF-4D56-B347-FC7CF124F107}.Debug|x64.ActiveCfg = Debug|Any CPU
		{FEB148E9-E5FF-4D56-B347-FC7CF124F107}.Debug|x64.Build.0 = Debug|Any CPU
		{FEB148E9-E5FF-4D56-B347-FC7CF124F107}.Debug|x86.ActiveCfg = Debug|Any CPU
		{FEB148E9-E5FF-4D56-B347-FC7CF124F107}.Debug|x86.Build.0 = Debug|Any CPU
		{FEB148E9-E5FF-4D56-B347-FC7CF124F107}.Release|Any CPU.ActiveCfg = Release|Any CPU
		{FEB148E9-E5FF-4D56-B347-FC7CF124F107}.Release|Any CPU.Build.0 = Release|Any CPU
		{FEB148E9-E5FF-4D56-B347-FC7CF124F107}.Release|x64.ActiveCfg = Release|Any CPU
		{FEB148E9-E5FF-4D56-B347-FC7CF124F107}.Release|x64.Build.0 = Release|Any CPU
		{FEB148E9-E5FF-4D56-B347-FC7CF124F107}.Release|x86.ActiveCfg = Release|Any CPU
		{FEB148E9-E5FF-4D56-B347-FC7CF124F107}.Release|x86.Build.0 = Release|Any CPU
		{A491D004-650F-418A-8077-77F62EF567AE}.Debug|Any CPU.ActiveCfg = Debug|Any CPU
		{A491D004-650F-418A-8077-77F62EF567AE}.Debug|Any CPU.Build.0 = Debug|Any CPU
		{A491D004-650F-418A-8077-77F62EF567AE}.Debug|x64.ActiveCfg = Debug|Any CPU
		{A491D004-650F-418A-8077-77F62EF567AE}.Debug|x64.Build.0 = Debug|Any CPU
		{A491D004-650F-418A-8077-77F62EF567AE}.Debug|x86.ActiveCfg = Debug|Any CPU
		{A491D004-650F-418A-8077-77F62EF567AE}.Debug|x86.Build.0 = Debug|Any CPU
		{A491D004-650F-418A-8077-77F62EF567AE}.Release|Any CPU.ActiveCfg = Release|Any CPU
		{A491D004-650F-418A-8077-77F62EF567AE}.Release|Any CPU.Build.0 = Release|Any CPU
		{A491D004-650F-418A-8077-77F62EF567AE}.Release|x64.ActiveCfg = Release|Any CPU
		{A491D004-650F-418A-8077-77F62EF567AE}.Release|x64.Build.0 = Release|Any CPU
		{A491D004-650F-418A-8077-77F62EF567AE}.Release|x86.ActiveCfg = Release|Any CPU
		{A491D004-650F-418A-8077-77F62EF567AE}.Release|x86.Build.0 = Release|Any CPU
		{5E17FF1A-445B-4D26-99AD-ADC29F9EFC98}.Debug|Any CPU.ActiveCfg = Debug|Any CPU
		{5E17FF1A-445B-4D26-99AD-ADC29F9EFC98}.Debug|Any CPU.Build.0 = Debug|Any CPU
		{5E17FF1A-445B-4D26-99AD-ADC29F9EFC98}.Debug|x64.ActiveCfg = Debug|Any CPU
		{5E17FF1A-445B-4D26-99AD-ADC29F9EFC98}.Debug|x64.Build.0 = Debug|Any CPU
		{5E17FF1A-445B-4D26-99AD-ADC29F9EFC98}.Debug|x86.ActiveCfg = Debug|Any CPU
		{5E17FF1A-445B-4D26-99AD-ADC29F9EFC98}.Debug|x86.Build.0 = Debug|Any CPU
		{5E17FF1A-445B-4D26-99AD-ADC29F9EFC98}.Release|Any CPU.ActiveCfg = Release|Any CPU
		{5E17FF1A-445B-4D26-99AD-ADC29F9EFC98}.Release|Any CPU.Build.0 = Release|Any CPU
		{5E17FF1A-445B-4D26-99AD-ADC29F9EFC98}.Release|x64.ActiveCfg = Release|Any CPU
		{5E17FF1A-445B-4D26-99AD-ADC29F9EFC98}.Release|x64.Build.0 = Release|Any CPU
		{5E17FF1A-445B-4D26-99AD-ADC29F9EFC98}.Release|x86.ActiveCfg = Release|Any CPU
		{5E17FF1A-445B-4D26-99AD-ADC29F9EFC98}.Release|x86.Build.0 = Release|Any CPU
	EndGlobalSection
	GlobalSection(SolutionProperties) = preSolution
		HideSolutionNode = FALSE
	EndGlobalSection
	GlobalSection(ExtensibilityGlobals) = postSolution
		SolutionGuid = {2519B76C-F817-4A41-82C1-B0BA951FCF48}
	EndGlobalSection
EndGlobal
