
Microsoft Visual Studio Solution File, Format Version 12.00
# Visual Studio Version 16
VisualStudioVersion = 16.0.29411.138
MinimumVisualStudioVersion = 10.0.40219.1
Project("{2150E333-8FDC-42A3-9474-1A3956D46DE8}") = "Components", "Components", "{1D626552-1388-4C03-85DD-891C6A1D79E3}"
EndProject
Project("{9A19103F-16F7-4668-BE54-9A1E7A4F7556}") = "BlazorFluentUI.BFULabel", "src\BlazorFluentUI.BFULabel\BlazorFluentUI.BFULabel.csproj", "{0DAB42DB-7021-4B8E-B113-53D786A7A783}"
EndProject
Project("{9A19103F-16F7-4668-BE54-9A1E7A4F7556}") = "BlazorFluentUI.BFUBaseComponent", "src\BlazorFluentUI.BFUBaseComponent\BlazorFluentUI.BFUBaseComponent.csproj", "{4F61DC73-0306-4E84-B0AD-96DA696538BD}"
EndProject
Project("{2150E333-8FDC-42A3-9474-1A3956D46DE8}") = "ServerSide", "ServerSide", "{138B8CC9-BD89-40A9-8BFD-C1B4794C64C7}"
EndProject
Project("{2150E333-8FDC-42A3-9474-1A3956D46DE8}") = "HostedClient", "HostedClient", "{BF862BBB-D3F1-49F6-BCC8-6C3DB36B84C1}"
EndProject
Project("{9A19103F-16F7-4668-BE54-9A1E7A4F7556}") = "BlazorFluentUI.Demo.HostedClient.Client", "Demo\BlazorFluentUI.Demo.HostedClient\BlazorFluentUI.Demo.HostedClient.Client\BlazorFluentUI.Demo.HostedClient.Client.csproj", "{FFB712E2-02AB-418C-B361-8D80D5494B63}"
EndProject
Project("{9A19103F-16F7-4668-BE54-9A1E7A4F7556}") = "BlazorFluentUI.BFUCheckbox", "src\BlazorFluentUI.BFUCheckbox\BlazorFluentUI.BFUCheckbox.csproj", "{84CC73BB-8759-44DE-9148-BD5293E0193E}"
EndProject
Project("{9A19103F-16F7-4668-BE54-9A1E7A4F7556}") = "BlazorFluentUI.BFUList", "src\BlazorFluentUI.BFUList\BlazorFluentUI.BFUList.csproj", "{9E9C0F68-7613-4919-A0B3-B0AB5FDF00FA}"
EndProject
Project("{9A19103F-16F7-4668-BE54-9A1E7A4F7556}") = "BlazorFluentUI.BFUButton", "src\BlazorFluentUI.BFUButton\BlazorFluentUI.BFUButton.csproj", "{629DA8C5-0BE1-487E-B191-79AE709FFE81}"
EndProject
Project("{9A19103F-16F7-4668-BE54-9A1E7A4F7556}") = "BlazorFluentUI.BFUTextField", "src\BlazorFluentUI.BFUTextField\BlazorFluentUI.BFUTextField.csproj", "{209132FE-0F19-4791-A2DD-B4EAD4B2D7AD}"
EndProject
Project("{9A19103F-16F7-4668-BE54-9A1E7A4F7556}") = "BlazorFluentUI.BFUDelayedRender", "src\BlazorFluentUI.BFUDelayedRender\BlazorFluentUI.BFUDelayedRender.csproj", "{B9DD8A1F-0DBA-424D-AEC4-01931917F6B2}"
EndProject
Project("{9A19103F-16F7-4668-BE54-9A1E7A4F7556}") = "BlazorFluentUI.BFUIcon", "src\BlazorFluentUI.BFUIcon\BlazorFluentUI.BFUIcon.csproj", "{552C8577-272A-4814-BCDC-DEE133EDCF48}"
EndProject
Project("{9A19103F-16F7-4668-BE54-9A1E7A4F7556}") = "BlazorFluentUI.BFUNav", "src\BlazorFluentUI.BFUNav\BlazorFluentUI.BFUNav.csproj", "{96D5BABC-AA99-434B-AE4B-C3883534DBC2}"
EndProject
Project("{9A19103F-16F7-4668-BE54-9A1E7A4F7556}") = "BlazorFluentUI.BFUContextualMenu", "src\BlazorFluentUI.BFUContextualMenu\BlazorFluentUI.BFUContextualMenu.csproj", "{BADE3975-2343-4525-A06B-C138ABA4A3E7}"
EndProject
Project("{9A19103F-16F7-4668-BE54-9A1E7A4F7556}") = "BlazorFluentUI.BFUCallout", "src\BlazorFluentUI.BFUCallout\BlazorFluentUI.BFUCallout.csproj", "{EFC1DA1F-FDCB-4BE4-B667-239ED0B61725}"
EndProject
Project("{9A19103F-16F7-4668-BE54-9A1E7A4F7556}") = "BlazorFluentUI.BFULayer", "src\BlazorFluentUI.BFULayer\BlazorFluentUI.BFULayer.csproj", "{311CBC1F-B29F-45E8-A6C7-F35848C4C80E}"
EndProject
Project("{9A19103F-16F7-4668-BE54-9A1E7A4F7556}") = "BlazorFluentUI.BFUPopup", "src\BlazorFluentUI.BFUPopup\BlazorFluentUI.BFUPopup.csproj", "{4B508E82-0975-4671-8002-04C393417F82}"
EndProject
Project("{9A19103F-16F7-4668-BE54-9A1E7A4F7556}") = "BlazorFluentUI.BFUDropdown", "src\BlazorFluentUI.BFUDropdown\BlazorFluentUI.BFUDropdown.csproj", "{C994D495-7DBA-4650-B0AE-B1B437EFB923}"
EndProject
Project("{9A19103F-16F7-4668-BE54-9A1E7A4F7556}") = "BlazorFluentUI.BFUOverlay", "src\BlazorFluentUI.BFUOverlay\BlazorFluentUI.BFUOverlay.csproj", "{02AC0F9E-B67E-482F-BE4C-8D82EE40FA4D}"
EndProject
Project("{9A19103F-16F7-4668-BE54-9A1E7A4F7556}") = "BlazorFluentUI.BFUModal", "src\BlazorFluentUI.BFUModal\BlazorFluentUI.BFUModal.csproj", "{FB6C5F27-11C0-4040-981D-3BC7FBE5F450}"
EndProject
Project("{9A19103F-16F7-4668-BE54-9A1E7A4F7556}") = "BlazorFluentUI.BFUDialog", "src\BlazorFluentUI.BFUDialog\BlazorFluentUI.BFUDialog.csproj", "{722D49BD-5E33-4F5E-99A0-177341DFC2BE}"
EndProject
Project("{2150E333-8FDC-42A3-9474-1A3956D46DE8}") = "Solution Items", "Solution Items", "{EB2D25EA-CCF8-4754-9CA8-46ED8134D0D9}"
	ProjectSection(SolutionItems) = preProject
		Directory.Build.props = Directory.Build.props
		MsIconSubsetUnicodeList.txt = MsIconSubsetUnicodeList.txt
		nugetInfo.txt = nugetInfo.txt
		TypescriptCommands.txt = TypescriptCommands.txt
	EndProjectSection
EndProject
Project("{9A19103F-16F7-4668-BE54-9A1E7A4F7556}") = "BlazorFluentUI.BFUCommandBar", "src\BlazorFluentUI.BFUCommandBar\BlazorFluentUI.BFUCommandBar.csproj", "{C9BE1FD4-E451-4EC5-898D-F7BE9250E335}"
EndProject
Project("{9A19103F-16F7-4668-BE54-9A1E7A4F7556}") = "BlazorFluentUI.BFUResizeGroup", "src\BlazorFluentUI.BFUResizeGroup\BlazorFluentUI.BFUResizeGroup.csproj", "{302AE6DD-E232-40EB-9174-48C52433B18E}"
EndProject
Project("{9A19103F-16F7-4668-BE54-9A1E7A4F7556}") = "BlazorFluentUI.BFUOverflowSet", "src\BlazorFluentUI.BFUOverflowSet\BlazorFluentUI.BFUOverflowSet.csproj", "{B9A75D82-F614-4184-8228-81292A93E13B}"
EndProject
Project("{9A19103F-16F7-4668-BE54-9A1E7A4F7556}") = "BlazorFluentUI.BFUFocusTrapZone", "src\BlazorFluentUI.BFUFocusTrapZone\BlazorFluentUI.BFUFocusTrapZone.csproj", "{530DE948-C970-4098-9ABC-C0A45CCFB17D}"
EndProject
Project("{9A19103F-16F7-4668-BE54-9A1E7A4F7556}") = "BlazorFluentUI.BFUPanel", "src\BlazorFluentUI.BFUPanel\BlazorFluentUI.BFUPanel.csproj", "{30E49935-4A5F-403B-9F8D-EF204640A40A}"
EndProject
Project("{9A19103F-16F7-4668-BE54-9A1E7A4F7556}") = "BlazorFluentUI.BFUSpinner", "src\BlazorFluentUI.BFUSpinner\BlazorFluentUI.BFUSpinner.csproj", "{B9E6DF8E-8EB7-48A2-BC51-1A53AF65D393}"
EndProject
Project("{9A19103F-16F7-4668-BE54-9A1E7A4F7556}") = "BlazorFluentUI.BFUPersona", "src\BlazorFluentUI.BFUPersona\BlazorFluentUI.BFUPersona.csproj", "{B38AD4D1-E580-47F5-83E3-30DBB826CFAF}"
EndProject
Project("{9A19103F-16F7-4668-BE54-9A1E7A4F7556}") = "BlazorFluentUI.BFUImage", "src\BlazorFluentUI.BFUImage\BlazorFluentUI.BFUImage.csproj", "{E0B93BFF-9B13-4AEB-B068-426362274423}"
EndProject
Project("{9A19103F-16F7-4668-BE54-9A1E7A4F7556}") = "BlazorFluentUI.BFUTooltip", "src\BlazorFluentUI.BFUTooltip\BlazorFluentUI.BFUTooltip.csproj", "{C91D462E-C98A-48B8-83BC-F61A51770281}"
EndProject
Project("{9A19103F-16F7-4668-BE54-9A1E7A4F7556}") = "BlazorFluentUI.BFUStack", "src\BlazorFluentUI.BFUStack\BlazorFluentUI.BFUStack.csproj", "{8186F366-E32A-4BA6-B5E6-2FBDAA8D1E43}"
EndProject
Project("{9A19103F-16F7-4668-BE54-9A1E7A4F7556}") = "BlazorFluentUI.BFUResponsiveLayout", "src\BlazorFluentUI.BFUResponsiveLayout\BlazorFluentUI.BFUResponsiveLayout.csproj", "{ABF0CD6D-4643-48D1-939A-6D551AF0838B}"
EndProject
Project("{9A19103F-16F7-4668-BE54-9A1E7A4F7556}") = "BlazorFluentUI.BFUKeytip", "src\BlazorFluentUI.BFUKeytip\BlazorFluentUI.BFUKeytip.csproj", "{F69F702F-48D6-455B-80A0-6D985D6A47E3}"
EndProject
Project("{9A19103F-16F7-4668-BE54-9A1E7A4F7556}") = "BlazorFluentUI.BFUToggle", "src\BlazorFluentUI.BFUToggle\BlazorFluentUI.BFUToggle.csproj", "{7BBD94DE-CB86-4846-A81A-FF187D9F573C}"
EndProject
Project("{9A19103F-16F7-4668-BE54-9A1E7A4F7556}") = "BlazorFluentUI.BFURating", "src\BlazorFluentUI.BFURating\BlazorFluentUI.BFURating.csproj", "{D8AF8D8A-76C6-4512-9E94-D9CFECFE4F2E}"
EndProject
Project("{9A19103F-16F7-4668-BE54-9A1E7A4F7556}") = "BlazorFluentUI.BFUProgressIndicator", "src\BlazorFluentUI.BFUProgressIndicator\BlazorFluentUI.BFUProgressIndicator.csproj", "{5944607F-C675-4C79-B74E-CC7A0534895E}"
EndProject
Project("{9A19103F-16F7-4668-BE54-9A1E7A4F7556}") = "BlazorFluentUI.BFUFocusZone", "src\BlazorFluentUI.BFUFocusZone\BlazorFluentUI.BFUFocusZone.csproj", "{4AB7EB15-1021-4A6A-88D2-D1745F4FF1BD}"
	ProjectSection(ProjectDependencies) = postProject
		{4F61DC73-0306-4E84-B0AD-96DA696538BD} = {4F61DC73-0306-4E84-B0AD-96DA696538BD}
	EndProjectSection
EndProject
Project("{9A19103F-16F7-4668-BE54-9A1E7A4F7556}") = "BlazorFluentUI.BFULink", "src\BlazorFluentUI.BFULink\BlazorFluentUI.BFULink.csproj", "{FB7DDD7B-578E-44BC-86F3-7FE684ED35C7}"
	ProjectSection(ProjectDependencies) = postProject
		{4F61DC73-0306-4E84-B0AD-96DA696538BD} = {4F61DC73-0306-4E84-B0AD-96DA696538BD}
	EndProjectSection
EndProject
Project("{9A19103F-16F7-4668-BE54-9A1E7A4F7556}") = "BlazorFluentUI.BFUMessageBar", "src\BlazorFluentUI.BFUMessageBar\BlazorFluentUI.BFUMessageBar.csproj", "{2D14A6D0-A08B-4B6F-B2CE-A667E7E9A024}"
EndProject
Project("{9A19103F-16F7-4668-BE54-9A1E7A4F7556}") = "BlazorFluentUI.BFUCalendar", "src\BlazorFluentUI.BFUCalendar\BlazorFluentUI.BFUCalendar.csproj", "{C86B034B-954B-4F5F-BB5A-A7AB28F0C7E2}"
EndProject
Project("{9A19103F-16F7-4668-BE54-9A1E7A4F7556}") = "BlazorFluentUI.BFUDatePicker", "src\BlazorFluentUI.BFUDatePicker\BlazorFluentUI.BFUDatePicker.csproj", "{EB377F06-1430-4E77-98C8-B8651BDED2B2}"
EndProject
Project("{9A19103F-16F7-4668-BE54-9A1E7A4F7556}") = "BlazorFluentUI.BFUPivot", "src\BlazorFluentUI.BFUPivot\BlazorFluentUI.BFUPivot.csproj", "{BEB13581-C0F5-46F2-A05F-1A5447171989}"
EndProject
Project("{9A19103F-16F7-4668-BE54-9A1E7A4F7556}") = "BlazorFluentUI.BFUText", "src\BlazorFluentUI.BFUText\BlazorFluentUI.BFUText.csproj", "{D1AA4FD9-DC30-46D9-9CEB-368396C01954}"
EndProject
Project("{9A19103F-16F7-4668-BE54-9A1E7A4F7556}") = "BlazorFluentUI.BFURichTextEditor", "src\BlazorFluentUI.BFURichTextEditor\BlazorFluentUI.BFURichTextEditor.csproj", "{6A5D3904-E052-4EC6-A932-8E97C4B00BAB}"
EndProject
Project("{9A19103F-16F7-4668-BE54-9A1E7A4F7556}") = "BlazorFluentUI.BFUComponentStyle", "src\BlazorFluentUI.BFUComponentStyle\BlazorFluentUI.BFUComponentStyle.csproj", "{2358EE4C-82F7-44D3-97F4-897C676E42AE}"
EndProject
Project("{9A19103F-16F7-4668-BE54-9A1E7A4F7556}") = "BlazorFluentUI.Demo.Shared", "Demo\BlazorFluentUI.Demo.Shared\BlazorFluentUI.Demo.Shared.csproj", "{5E329328-347A-443B-896A-7DC1E7248039}"
EndProject
Project("{2150E333-8FDC-42A3-9474-1A3956D46DE8}") = "Demo", "Demo", "{450B75BB-8CBF-475C-842A-4BEC08D42293}"
EndProject
Project("{2150E333-8FDC-42A3-9474-1A3956D46DE8}") = "Shared", "Shared", "{EB69E4C8-2C83-4AF1-8877-3B4F9C4B06FF}"
EndProject
Project("{2150E333-8FDC-42A3-9474-1A3956D46DE8}") = "ClientSide", "ClientSide", "{93D4755C-B4E6-44DE-8488-ADA4C3AB8E21}"
EndProject
Project("{9A19103F-16F7-4668-BE54-9A1E7A4F7556}") = "BlazorFluentUI.Demo.ClientSide", "Demo\BlazorFluentUI.Demo.ClientSide\BlazorFluentUI.Demo.ClientSide.csproj", "{B3E162E0-F8C4-4DAD-A672-42663763E256}"
EndProject
Project("{9A19103F-16F7-4668-BE54-9A1E7A4F7556}") = "BlazorFluentUI.Demo.ServerSide", "Demo\BlazorFluentUI.Demo.ServerSide\BlazorFluentUI.Demo.ServerSide.csproj", "{DBB167DF-0D7F-4D40-997C-60A4B5351DAB}"
EndProject
Project("{9A19103F-16F7-4668-BE54-9A1E7A4F7556}") = "BlazorFluentUI.Demo.HostedClient.Server", "Demo\BlazorFluentUI.Demo.HostedClient\BlazorFluentUI.Demo.HostedClient.Server\BlazorFluentUI.Demo.HostedClient.Server.csproj", "{E660BF5C-F688-40CB-AAC0-1B4C0004D3ED}"
EndProject
Project("{9A19103F-16F7-4668-BE54-9A1E7A4F7556}") = "BlazorFluentUI.BFUTheme", "src\BlazorFluentUI.BFUTheme\BlazorFluentUI.BFUTheme.csproj", "{9C060E23-B2BA-40D0-83E5-23CF07B22DFD}"
EndProject
Project("{9A19103F-16F7-4668-BE54-9A1E7A4F7556}") = "BlazorFluentUI.BFUGroupedList", "src\BlazorFluentUI.BFUGroupedList\BlazorFluentUI.BFUGroupedList.csproj", "{51E3F869-66A1-4E66-94B4-81979E6C2C01}"
EndProject
Project("{9A19103F-16F7-4668-BE54-9A1E7A4F7556}") = "BlazorFluentUI.BFUCheck", "src\BlazorFluentUI.BFUCheck\BlazorFluentUI.BFUCheck.csproj", "{1A7948C5-272F-4541-A689-00C9FD99ACED}"
EndProject
Project("{9A19103F-16F7-4668-BE54-9A1E7A4F7556}") = "BlazorFluentUI.BFUDetailsList", "src\BlazorFluentUI.BFUDetailsList\BlazorFluentUI.BFUDetailsList.csproj", "{1AF76159-8216-4FA8-9FDB-FBA7BCDC1A9C}"
EndProject
Project("{9A19103F-16F7-4668-BE54-9A1E7A4F7556}") = "BlazorFluentUI.BFUDetailsRow", "src\BlazorFluentUI.BFUDetailsRow\BlazorFluentUI.BFUDetailsRow.csproj", "{C3924927-6504-4DEC-BCFE-8242C0E055FE}"
EndProject
Project("{9A19103F-16F7-4668-BE54-9A1E7A4F7556}") = "BlazorFluentUI.BFUSelectionZone", "src\BlazorFluentUI.BFUSelectionZone\BlazorFluentUI.BFUSelectionZone.csproj", "{FCA7939B-666C-4B37-A4BC-610DA1619034}"
EndProject
Project("{9A19103F-16F7-4668-BE54-9A1E7A4F7556}") = "BlazorFluentUI.AllComponents", "src\BlazorFluentUI.AllComponents\BlazorFluentUI.AllComponents.csproj", "{C2770245-5501-476A-9F85-7964DD343026}"
EndProject
Project("{9A19103F-16F7-4668-BE54-9A1E7A4F7556}") = "BlazorFluentUI.BFUNavBar", "src\BlazorFluentUI.BFUNavBar\BlazorFluentUI.BFUNavBar.csproj", "{D49CED54-F6B7-442E-B0D3-0191E4820C96}"
EndProject
Project("{9A19103F-16F7-4668-BE54-9A1E7A4F7556}") = "BlazorFluentUI.BFUChoiceGroup", "src\BlazorFluentUI.BFUChoiceGroup\BlazorFluentUI.BFUChoiceGroup.csproj", "{B4B9BB51-9B0B-4CDB-BE38-F56BAD19598F}"
EndProject
Global
	GlobalSection(SolutionConfigurationPlatforms) = preSolution
		Debug|Any CPU = Debug|Any CPU
		Release|Any CPU = Release|Any CPU
	EndGlobalSection
	GlobalSection(ProjectConfigurationPlatforms) = postSolution
		{0DAB42DB-7021-4B8E-B113-53D786A7A783}.Debug|Any CPU.ActiveCfg = Debug|Any CPU
		{0DAB42DB-7021-4B8E-B113-53D786A7A783}.Debug|Any CPU.Build.0 = Debug|Any CPU
		{0DAB42DB-7021-4B8E-B113-53D786A7A783}.Release|Any CPU.ActiveCfg = Release|Any CPU
		{0DAB42DB-7021-4B8E-B113-53D786A7A783}.Release|Any CPU.Build.0 = Release|Any CPU
		{4F61DC73-0306-4E84-B0AD-96DA696538BD}.Debug|Any CPU.ActiveCfg = Debug|Any CPU
		{4F61DC73-0306-4E84-B0AD-96DA696538BD}.Debug|Any CPU.Build.0 = Debug|Any CPU
		{4F61DC73-0306-4E84-B0AD-96DA696538BD}.Release|Any CPU.ActiveCfg = Release|Any CPU
		{4F61DC73-0306-4E84-B0AD-96DA696538BD}.Release|Any CPU.Build.0 = Release|Any CPU
		{FFB712E2-02AB-418C-B361-8D80D5494B63}.Debug|Any CPU.ActiveCfg = Debug|Any CPU
		{FFB712E2-02AB-418C-B361-8D80D5494B63}.Debug|Any CPU.Build.0 = Debug|Any CPU
		{FFB712E2-02AB-418C-B361-8D80D5494B63}.Release|Any CPU.ActiveCfg = Release|Any CPU
		{FFB712E2-02AB-418C-B361-8D80D5494B63}.Release|Any CPU.Build.0 = Release|Any CPU
		{84CC73BB-8759-44DE-9148-BD5293E0193E}.Debug|Any CPU.ActiveCfg = Debug|Any CPU
		{84CC73BB-8759-44DE-9148-BD5293E0193E}.Debug|Any CPU.Build.0 = Debug|Any CPU
		{84CC73BB-8759-44DE-9148-BD5293E0193E}.Release|Any CPU.ActiveCfg = Release|Any CPU
		{84CC73BB-8759-44DE-9148-BD5293E0193E}.Release|Any CPU.Build.0 = Release|Any CPU
		{9E9C0F68-7613-4919-A0B3-B0AB5FDF00FA}.Debug|Any CPU.ActiveCfg = Debug|Any CPU
		{9E9C0F68-7613-4919-A0B3-B0AB5FDF00FA}.Debug|Any CPU.Build.0 = Debug|Any CPU
		{9E9C0F68-7613-4919-A0B3-B0AB5FDF00FA}.Release|Any CPU.ActiveCfg = Release|Any CPU
		{9E9C0F68-7613-4919-A0B3-B0AB5FDF00FA}.Release|Any CPU.Build.0 = Release|Any CPU
		{629DA8C5-0BE1-487E-B191-79AE709FFE81}.Debug|Any CPU.ActiveCfg = Debug|Any CPU
		{629DA8C5-0BE1-487E-B191-79AE709FFE81}.Debug|Any CPU.Build.0 = Debug|Any CPU
		{629DA8C5-0BE1-487E-B191-79AE709FFE81}.Release|Any CPU.ActiveCfg = Release|Any CPU
		{629DA8C5-0BE1-487E-B191-79AE709FFE81}.Release|Any CPU.Build.0 = Release|Any CPU
		{209132FE-0F19-4791-A2DD-B4EAD4B2D7AD}.Debug|Any CPU.ActiveCfg = Debug|Any CPU
		{209132FE-0F19-4791-A2DD-B4EAD4B2D7AD}.Debug|Any CPU.Build.0 = Debug|Any CPU
		{209132FE-0F19-4791-A2DD-B4EAD4B2D7AD}.Release|Any CPU.ActiveCfg = Release|Any CPU
		{209132FE-0F19-4791-A2DD-B4EAD4B2D7AD}.Release|Any CPU.Build.0 = Release|Any CPU
		{B9DD8A1F-0DBA-424D-AEC4-01931917F6B2}.Debug|Any CPU.ActiveCfg = Debug|Any CPU
		{B9DD8A1F-0DBA-424D-AEC4-01931917F6B2}.Debug|Any CPU.Build.0 = Debug|Any CPU
		{B9DD8A1F-0DBA-424D-AEC4-01931917F6B2}.Release|Any CPU.ActiveCfg = Release|Any CPU
		{B9DD8A1F-0DBA-424D-AEC4-01931917F6B2}.Release|Any CPU.Build.0 = Release|Any CPU
		{552C8577-272A-4814-BCDC-DEE133EDCF48}.Debug|Any CPU.ActiveCfg = Debug|Any CPU
		{552C8577-272A-4814-BCDC-DEE133EDCF48}.Debug|Any CPU.Build.0 = Debug|Any CPU
		{552C8577-272A-4814-BCDC-DEE133EDCF48}.Release|Any CPU.ActiveCfg = Release|Any CPU
		{552C8577-272A-4814-BCDC-DEE133EDCF48}.Release|Any CPU.Build.0 = Release|Any CPU
		{96D5BABC-AA99-434B-AE4B-C3883534DBC2}.Debug|Any CPU.ActiveCfg = Debug|Any CPU
		{96D5BABC-AA99-434B-AE4B-C3883534DBC2}.Debug|Any CPU.Build.0 = Debug|Any CPU
		{96D5BABC-AA99-434B-AE4B-C3883534DBC2}.Release|Any CPU.ActiveCfg = Release|Any CPU
		{96D5BABC-AA99-434B-AE4B-C3883534DBC2}.Release|Any CPU.Build.0 = Release|Any CPU
		{BADE3975-2343-4525-A06B-C138ABA4A3E7}.Debug|Any CPU.ActiveCfg = Debug|Any CPU
		{BADE3975-2343-4525-A06B-C138ABA4A3E7}.Debug|Any CPU.Build.0 = Debug|Any CPU
		{BADE3975-2343-4525-A06B-C138ABA4A3E7}.Release|Any CPU.ActiveCfg = Release|Any CPU
		{BADE3975-2343-4525-A06B-C138ABA4A3E7}.Release|Any CPU.Build.0 = Release|Any CPU
		{EFC1DA1F-FDCB-4BE4-B667-239ED0B61725}.Debug|Any CPU.ActiveCfg = Debug|Any CPU
		{EFC1DA1F-FDCB-4BE4-B667-239ED0B61725}.Debug|Any CPU.Build.0 = Debug|Any CPU
		{EFC1DA1F-FDCB-4BE4-B667-239ED0B61725}.Release|Any CPU.ActiveCfg = Release|Any CPU
		{EFC1DA1F-FDCB-4BE4-B667-239ED0B61725}.Release|Any CPU.Build.0 = Release|Any CPU
		{311CBC1F-B29F-45E8-A6C7-F35848C4C80E}.Debug|Any CPU.ActiveCfg = Debug|Any CPU
		{311CBC1F-B29F-45E8-A6C7-F35848C4C80E}.Debug|Any CPU.Build.0 = Debug|Any CPU
		{311CBC1F-B29F-45E8-A6C7-F35848C4C80E}.Release|Any CPU.ActiveCfg = Release|Any CPU
		{311CBC1F-B29F-45E8-A6C7-F35848C4C80E}.Release|Any CPU.Build.0 = Release|Any CPU
		{4B508E82-0975-4671-8002-04C393417F82}.Debug|Any CPU.ActiveCfg = Debug|Any CPU
		{4B508E82-0975-4671-8002-04C393417F82}.Debug|Any CPU.Build.0 = Debug|Any CPU
		{4B508E82-0975-4671-8002-04C393417F82}.Release|Any CPU.ActiveCfg = Release|Any CPU
		{4B508E82-0975-4671-8002-04C393417F82}.Release|Any CPU.Build.0 = Release|Any CPU
		{C994D495-7DBA-4650-B0AE-B1B437EFB923}.Debug|Any CPU.ActiveCfg = Debug|Any CPU
		{C994D495-7DBA-4650-B0AE-B1B437EFB923}.Debug|Any CPU.Build.0 = Debug|Any CPU
		{C994D495-7DBA-4650-B0AE-B1B437EFB923}.Release|Any CPU.ActiveCfg = Release|Any CPU
		{C994D495-7DBA-4650-B0AE-B1B437EFB923}.Release|Any CPU.Build.0 = Release|Any CPU
		{02AC0F9E-B67E-482F-BE4C-8D82EE40FA4D}.Debug|Any CPU.ActiveCfg = Debug|Any CPU
		{02AC0F9E-B67E-482F-BE4C-8D82EE40FA4D}.Debug|Any CPU.Build.0 = Debug|Any CPU
		{02AC0F9E-B67E-482F-BE4C-8D82EE40FA4D}.Release|Any CPU.ActiveCfg = Release|Any CPU
		{02AC0F9E-B67E-482F-BE4C-8D82EE40FA4D}.Release|Any CPU.Build.0 = Release|Any CPU
		{FB6C5F27-11C0-4040-981D-3BC7FBE5F450}.Debug|Any CPU.ActiveCfg = Debug|Any CPU
		{FB6C5F27-11C0-4040-981D-3BC7FBE5F450}.Debug|Any CPU.Build.0 = Debug|Any CPU
		{FB6C5F27-11C0-4040-981D-3BC7FBE5F450}.Release|Any CPU.ActiveCfg = Release|Any CPU
		{FB6C5F27-11C0-4040-981D-3BC7FBE5F450}.Release|Any CPU.Build.0 = Release|Any CPU
		{722D49BD-5E33-4F5E-99A0-177341DFC2BE}.Debug|Any CPU.ActiveCfg = Debug|Any CPU
		{722D49BD-5E33-4F5E-99A0-177341DFC2BE}.Debug|Any CPU.Build.0 = Debug|Any CPU
		{722D49BD-5E33-4F5E-99A0-177341DFC2BE}.Release|Any CPU.ActiveCfg = Release|Any CPU
		{722D49BD-5E33-4F5E-99A0-177341DFC2BE}.Release|Any CPU.Build.0 = Release|Any CPU
		{C9BE1FD4-E451-4EC5-898D-F7BE9250E335}.Debug|Any CPU.ActiveCfg = Debug|Any CPU
		{C9BE1FD4-E451-4EC5-898D-F7BE9250E335}.Debug|Any CPU.Build.0 = Debug|Any CPU
		{C9BE1FD4-E451-4EC5-898D-F7BE9250E335}.Release|Any CPU.ActiveCfg = Release|Any CPU
		{C9BE1FD4-E451-4EC5-898D-F7BE9250E335}.Release|Any CPU.Build.0 = Release|Any CPU
		{302AE6DD-E232-40EB-9174-48C52433B18E}.Debug|Any CPU.ActiveCfg = Debug|Any CPU
		{302AE6DD-E232-40EB-9174-48C52433B18E}.Debug|Any CPU.Build.0 = Debug|Any CPU
		{302AE6DD-E232-40EB-9174-48C52433B18E}.Release|Any CPU.ActiveCfg = Release|Any CPU
		{302AE6DD-E232-40EB-9174-48C52433B18E}.Release|Any CPU.Build.0 = Release|Any CPU
		{B9A75D82-F614-4184-8228-81292A93E13B}.Debug|Any CPU.ActiveCfg = Debug|Any CPU
		{B9A75D82-F614-4184-8228-81292A93E13B}.Debug|Any CPU.Build.0 = Debug|Any CPU
		{B9A75D82-F614-4184-8228-81292A93E13B}.Release|Any CPU.ActiveCfg = Release|Any CPU
		{B9A75D82-F614-4184-8228-81292A93E13B}.Release|Any CPU.Build.0 = Release|Any CPU
		{530DE948-C970-4098-9ABC-C0A45CCFB17D}.Debug|Any CPU.ActiveCfg = Debug|Any CPU
		{530DE948-C970-4098-9ABC-C0A45CCFB17D}.Debug|Any CPU.Build.0 = Debug|Any CPU
		{530DE948-C970-4098-9ABC-C0A45CCFB17D}.Release|Any CPU.ActiveCfg = Release|Any CPU
		{530DE948-C970-4098-9ABC-C0A45CCFB17D}.Release|Any CPU.Build.0 = Release|Any CPU
		{30E49935-4A5F-403B-9F8D-EF204640A40A}.Debug|Any CPU.ActiveCfg = Debug|Any CPU
		{30E49935-4A5F-403B-9F8D-EF204640A40A}.Debug|Any CPU.Build.0 = Debug|Any CPU
		{30E49935-4A5F-403B-9F8D-EF204640A40A}.Release|Any CPU.ActiveCfg = Release|Any CPU
		{30E49935-4A5F-403B-9F8D-EF204640A40A}.Release|Any CPU.Build.0 = Release|Any CPU
		{B9E6DF8E-8EB7-48A2-BC51-1A53AF65D393}.Debug|Any CPU.ActiveCfg = Debug|Any CPU
		{B9E6DF8E-8EB7-48A2-BC51-1A53AF65D393}.Debug|Any CPU.Build.0 = Debug|Any CPU
		{B9E6DF8E-8EB7-48A2-BC51-1A53AF65D393}.Release|Any CPU.ActiveCfg = Release|Any CPU
		{B9E6DF8E-8EB7-48A2-BC51-1A53AF65D393}.Release|Any CPU.Build.0 = Release|Any CPU
		{B38AD4D1-E580-47F5-83E3-30DBB826CFAF}.Debug|Any CPU.ActiveCfg = Debug|Any CPU
		{B38AD4D1-E580-47F5-83E3-30DBB826CFAF}.Debug|Any CPU.Build.0 = Debug|Any CPU
		{B38AD4D1-E580-47F5-83E3-30DBB826CFAF}.Release|Any CPU.ActiveCfg = Release|Any CPU
		{B38AD4D1-E580-47F5-83E3-30DBB826CFAF}.Release|Any CPU.Build.0 = Release|Any CPU
		{E0B93BFF-9B13-4AEB-B068-426362274423}.Debug|Any CPU.ActiveCfg = Debug|Any CPU
		{E0B93BFF-9B13-4AEB-B068-426362274423}.Debug|Any CPU.Build.0 = Debug|Any CPU
		{E0B93BFF-9B13-4AEB-B068-426362274423}.Release|Any CPU.ActiveCfg = Release|Any CPU
		{E0B93BFF-9B13-4AEB-B068-426362274423}.Release|Any CPU.Build.0 = Release|Any CPU
		{C91D462E-C98A-48B8-83BC-F61A51770281}.Debug|Any CPU.ActiveCfg = Debug|Any CPU
		{C91D462E-C98A-48B8-83BC-F61A51770281}.Debug|Any CPU.Build.0 = Debug|Any CPU
		{C91D462E-C98A-48B8-83BC-F61A51770281}.Release|Any CPU.ActiveCfg = Release|Any CPU
		{C91D462E-C98A-48B8-83BC-F61A51770281}.Release|Any CPU.Build.0 = Release|Any CPU
		{8186F366-E32A-4BA6-B5E6-2FBDAA8D1E43}.Debug|Any CPU.ActiveCfg = Debug|Any CPU
		{8186F366-E32A-4BA6-B5E6-2FBDAA8D1E43}.Debug|Any CPU.Build.0 = Debug|Any CPU
		{8186F366-E32A-4BA6-B5E6-2FBDAA8D1E43}.Release|Any CPU.ActiveCfg = Release|Any CPU
		{8186F366-E32A-4BA6-B5E6-2FBDAA8D1E43}.Release|Any CPU.Build.0 = Release|Any CPU
		{ABF0CD6D-4643-48D1-939A-6D551AF0838B}.Debug|Any CPU.ActiveCfg = Debug|Any CPU
		{ABF0CD6D-4643-48D1-939A-6D551AF0838B}.Debug|Any CPU.Build.0 = Debug|Any CPU
		{ABF0CD6D-4643-48D1-939A-6D551AF0838B}.Release|Any CPU.ActiveCfg = Release|Any CPU
		{ABF0CD6D-4643-48D1-939A-6D551AF0838B}.Release|Any CPU.Build.0 = Release|Any CPU
		{F69F702F-48D6-455B-80A0-6D985D6A47E3}.Debug|Any CPU.ActiveCfg = Debug|Any CPU
		{F69F702F-48D6-455B-80A0-6D985D6A47E3}.Debug|Any CPU.Build.0 = Debug|Any CPU
		{F69F702F-48D6-455B-80A0-6D985D6A47E3}.Release|Any CPU.ActiveCfg = Release|Any CPU
		{F69F702F-48D6-455B-80A0-6D985D6A47E3}.Release|Any CPU.Build.0 = Release|Any CPU
		{7BBD94DE-CB86-4846-A81A-FF187D9F573C}.Debug|Any CPU.ActiveCfg = Debug|Any CPU
		{7BBD94DE-CB86-4846-A81A-FF187D9F573C}.Debug|Any CPU.Build.0 = Debug|Any CPU
		{7BBD94DE-CB86-4846-A81A-FF187D9F573C}.Release|Any CPU.ActiveCfg = Release|Any CPU
		{7BBD94DE-CB86-4846-A81A-FF187D9F573C}.Release|Any CPU.Build.0 = Release|Any CPU
		{D8AF8D8A-76C6-4512-9E94-D9CFECFE4F2E}.Debug|Any CPU.ActiveCfg = Debug|Any CPU
		{D8AF8D8A-76C6-4512-9E94-D9CFECFE4F2E}.Debug|Any CPU.Build.0 = Debug|Any CPU
		{D8AF8D8A-76C6-4512-9E94-D9CFECFE4F2E}.Release|Any CPU.ActiveCfg = Release|Any CPU
		{D8AF8D8A-76C6-4512-9E94-D9CFECFE4F2E}.Release|Any CPU.Build.0 = Release|Any CPU
		{5944607F-C675-4C79-B74E-CC7A0534895E}.Debug|Any CPU.ActiveCfg = Debug|Any CPU
		{5944607F-C675-4C79-B74E-CC7A0534895E}.Debug|Any CPU.Build.0 = Debug|Any CPU
		{5944607F-C675-4C79-B74E-CC7A0534895E}.Release|Any CPU.ActiveCfg = Release|Any CPU
		{5944607F-C675-4C79-B74E-CC7A0534895E}.Release|Any CPU.Build.0 = Release|Any CPU
		{4AB7EB15-1021-4A6A-88D2-D1745F4FF1BD}.Debug|Any CPU.ActiveCfg = Debug|Any CPU
		{4AB7EB15-1021-4A6A-88D2-D1745F4FF1BD}.Debug|Any CPU.Build.0 = Debug|Any CPU
		{4AB7EB15-1021-4A6A-88D2-D1745F4FF1BD}.Release|Any CPU.ActiveCfg = Release|Any CPU
		{4AB7EB15-1021-4A6A-88D2-D1745F4FF1BD}.Release|Any CPU.Build.0 = Release|Any CPU
		{FB7DDD7B-578E-44BC-86F3-7FE684ED35C7}.Debug|Any CPU.ActiveCfg = Debug|Any CPU
		{FB7DDD7B-578E-44BC-86F3-7FE684ED35C7}.Debug|Any CPU.Build.0 = Debug|Any CPU
		{FB7DDD7B-578E-44BC-86F3-7FE684ED35C7}.Release|Any CPU.ActiveCfg = Release|Any CPU
		{FB7DDD7B-578E-44BC-86F3-7FE684ED35C7}.Release|Any CPU.Build.0 = Release|Any CPU
		{2D14A6D0-A08B-4B6F-B2CE-A667E7E9A024}.Debug|Any CPU.ActiveCfg = Debug|Any CPU
		{2D14A6D0-A08B-4B6F-B2CE-A667E7E9A024}.Debug|Any CPU.Build.0 = Debug|Any CPU
		{2D14A6D0-A08B-4B6F-B2CE-A667E7E9A024}.Release|Any CPU.ActiveCfg = Release|Any CPU
		{2D14A6D0-A08B-4B6F-B2CE-A667E7E9A024}.Release|Any CPU.Build.0 = Release|Any CPU
		{C86B034B-954B-4F5F-BB5A-A7AB28F0C7E2}.Debug|Any CPU.ActiveCfg = Debug|Any CPU
		{C86B034B-954B-4F5F-BB5A-A7AB28F0C7E2}.Debug|Any CPU.Build.0 = Debug|Any CPU
		{C86B034B-954B-4F5F-BB5A-A7AB28F0C7E2}.Release|Any CPU.ActiveCfg = Release|Any CPU
		{C86B034B-954B-4F5F-BB5A-A7AB28F0C7E2}.Release|Any CPU.Build.0 = Release|Any CPU
		{EB377F06-1430-4E77-98C8-B8651BDED2B2}.Debug|Any CPU.ActiveCfg = Debug|Any CPU
		{EB377F06-1430-4E77-98C8-B8651BDED2B2}.Debug|Any CPU.Build.0 = Debug|Any CPU
		{EB377F06-1430-4E77-98C8-B8651BDED2B2}.Release|Any CPU.ActiveCfg = Release|Any CPU
		{EB377F06-1430-4E77-98C8-B8651BDED2B2}.Release|Any CPU.Build.0 = Release|Any CPU
		{BEB13581-C0F5-46F2-A05F-1A5447171989}.Debug|Any CPU.ActiveCfg = Debug|Any CPU
		{BEB13581-C0F5-46F2-A05F-1A5447171989}.Debug|Any CPU.Build.0 = Debug|Any CPU
		{BEB13581-C0F5-46F2-A05F-1A5447171989}.Release|Any CPU.ActiveCfg = Release|Any CPU
		{BEB13581-C0F5-46F2-A05F-1A5447171989}.Release|Any CPU.Build.0 = Release|Any CPU
		{D1AA4FD9-DC30-46D9-9CEB-368396C01954}.Debug|Any CPU.ActiveCfg = Debug|Any CPU
		{D1AA4FD9-DC30-46D9-9CEB-368396C01954}.Debug|Any CPU.Build.0 = Debug|Any CPU
		{D1AA4FD9-DC30-46D9-9CEB-368396C01954}.Release|Any CPU.ActiveCfg = Release|Any CPU
		{D1AA4FD9-DC30-46D9-9CEB-368396C01954}.Release|Any CPU.Build.0 = Release|Any CPU
		{6A5D3904-E052-4EC6-A932-8E97C4B00BAB}.Debug|Any CPU.ActiveCfg = Debug|Any CPU
		{6A5D3904-E052-4EC6-A932-8E97C4B00BAB}.Debug|Any CPU.Build.0 = Debug|Any CPU
		{6A5D3904-E052-4EC6-A932-8E97C4B00BAB}.Release|Any CPU.ActiveCfg = Release|Any CPU
		{6A5D3904-E052-4EC6-A932-8E97C4B00BAB}.Release|Any CPU.Build.0 = Release|Any CPU
		{2358EE4C-82F7-44D3-97F4-897C676E42AE}.Debug|Any CPU.ActiveCfg = Debug|Any CPU
		{2358EE4C-82F7-44D3-97F4-897C676E42AE}.Debug|Any CPU.Build.0 = Debug|Any CPU
		{2358EE4C-82F7-44D3-97F4-897C676E42AE}.Release|Any CPU.ActiveCfg = Release|Any CPU
		{2358EE4C-82F7-44D3-97F4-897C676E42AE}.Release|Any CPU.Build.0 = Release|Any CPU
		{5E329328-347A-443B-896A-7DC1E7248039}.Debug|Any CPU.ActiveCfg = Debug|Any CPU
		{5E329328-347A-443B-896A-7DC1E7248039}.Debug|Any CPU.Build.0 = Debug|Any CPU
		{5E329328-347A-443B-896A-7DC1E7248039}.Release|Any CPU.ActiveCfg = Release|Any CPU
		{5E329328-347A-443B-896A-7DC1E7248039}.Release|Any CPU.Build.0 = Release|Any CPU
		{B3E162E0-F8C4-4DAD-A672-42663763E256}.Debug|Any CPU.ActiveCfg = Debug|Any CPU
		{B3E162E0-F8C4-4DAD-A672-42663763E256}.Debug|Any CPU.Build.0 = Debug|Any CPU
		{B3E162E0-F8C4-4DAD-A672-42663763E256}.Release|Any CPU.ActiveCfg = Release|Any CPU
		{B3E162E0-F8C4-4DAD-A672-42663763E256}.Release|Any CPU.Build.0 = Release|Any CPU
		{DBB167DF-0D7F-4D40-997C-60A4B5351DAB}.Debug|Any CPU.ActiveCfg = Debug|Any CPU
		{DBB167DF-0D7F-4D40-997C-60A4B5351DAB}.Debug|Any CPU.Build.0 = Debug|Any CPU
		{DBB167DF-0D7F-4D40-997C-60A4B5351DAB}.Release|Any CPU.ActiveCfg = Release|Any CPU
		{DBB167DF-0D7F-4D40-997C-60A4B5351DAB}.Release|Any CPU.Build.0 = Release|Any CPU
		{E660BF5C-F688-40CB-AAC0-1B4C0004D3ED}.Debug|Any CPU.ActiveCfg = Debug|Any CPU
		{E660BF5C-F688-40CB-AAC0-1B4C0004D3ED}.Debug|Any CPU.Build.0 = Debug|Any CPU
		{E660BF5C-F688-40CB-AAC0-1B4C0004D3ED}.Release|Any CPU.ActiveCfg = Release|Any CPU
		{E660BF5C-F688-40CB-AAC0-1B4C0004D3ED}.Release|Any CPU.Build.0 = Release|Any CPU
		{9C060E23-B2BA-40D0-83E5-23CF07B22DFD}.Debug|Any CPU.ActiveCfg = Debug|Any CPU
		{9C060E23-B2BA-40D0-83E5-23CF07B22DFD}.Debug|Any CPU.Build.0 = Debug|Any CPU
		{9C060E23-B2BA-40D0-83E5-23CF07B22DFD}.Release|Any CPU.ActiveCfg = Release|Any CPU
		{9C060E23-B2BA-40D0-83E5-23CF07B22DFD}.Release|Any CPU.Build.0 = Release|Any CPU
		{51E3F869-66A1-4E66-94B4-81979E6C2C01}.Debug|Any CPU.ActiveCfg = Debug|Any CPU
		{51E3F869-66A1-4E66-94B4-81979E6C2C01}.Debug|Any CPU.Build.0 = Debug|Any CPU
		{51E3F869-66A1-4E66-94B4-81979E6C2C01}.Release|Any CPU.ActiveCfg = Release|Any CPU
		{51E3F869-66A1-4E66-94B4-81979E6C2C01}.Release|Any CPU.Build.0 = Release|Any CPU
		{1A7948C5-272F-4541-A689-00C9FD99ACED}.Debug|Any CPU.ActiveCfg = Debug|Any CPU
		{1A7948C5-272F-4541-A689-00C9FD99ACED}.Debug|Any CPU.Build.0 = Debug|Any CPU
		{1A7948C5-272F-4541-A689-00C9FD99ACED}.Release|Any CPU.ActiveCfg = Release|Any CPU
		{1A7948C5-272F-4541-A689-00C9FD99ACED}.Release|Any CPU.Build.0 = Release|Any CPU
		{1AF76159-8216-4FA8-9FDB-FBA7BCDC1A9C}.Debug|Any CPU.ActiveCfg = Debug|Any CPU
		{1AF76159-8216-4FA8-9FDB-FBA7BCDC1A9C}.Debug|Any CPU.Build.0 = Debug|Any CPU
		{1AF76159-8216-4FA8-9FDB-FBA7BCDC1A9C}.Release|Any CPU.ActiveCfg = Release|Any CPU
		{1AF76159-8216-4FA8-9FDB-FBA7BCDC1A9C}.Release|Any CPU.Build.0 = Release|Any CPU
		{C3924927-6504-4DEC-BCFE-8242C0E055FE}.Debug|Any CPU.ActiveCfg = Debug|Any CPU
		{C3924927-6504-4DEC-BCFE-8242C0E055FE}.Debug|Any CPU.Build.0 = Debug|Any CPU
		{C3924927-6504-4DEC-BCFE-8242C0E055FE}.Release|Any CPU.ActiveCfg = Release|Any CPU
		{C3924927-6504-4DEC-BCFE-8242C0E055FE}.Release|Any CPU.Build.0 = Release|Any CPU
		{FCA7939B-666C-4B37-A4BC-610DA1619034}.Debug|Any CPU.ActiveCfg = Debug|Any CPU
		{FCA7939B-666C-4B37-A4BC-610DA1619034}.Debug|Any CPU.Build.0 = Debug|Any CPU
		{FCA7939B-666C-4B37-A4BC-610DA1619034}.Release|Any CPU.ActiveCfg = Release|Any CPU
		{FCA7939B-666C-4B37-A4BC-610DA1619034}.Release|Any CPU.Build.0 = Release|Any CPU
		{C2770245-5501-476A-9F85-7964DD343026}.Debug|Any CPU.ActiveCfg = Debug|Any CPU
		{C2770245-5501-476A-9F85-7964DD343026}.Debug|Any CPU.Build.0 = Debug|Any CPU
		{C2770245-5501-476A-9F85-7964DD343026}.Release|Any CPU.ActiveCfg = Release|Any CPU
		{C2770245-5501-476A-9F85-7964DD343026}.Release|Any CPU.Build.0 = Release|Any CPU
		{D49CED54-F6B7-442E-B0D3-0191E4820C96}.Debug|Any CPU.ActiveCfg = Debug|Any CPU
		{D49CED54-F6B7-442E-B0D3-0191E4820C96}.Debug|Any CPU.Build.0 = Debug|Any CPU
		{D49CED54-F6B7-442E-B0D3-0191E4820C96}.Release|Any CPU.ActiveCfg = Release|Any CPU
		{D49CED54-F6B7-442E-B0D3-0191E4820C96}.Release|Any CPU.Build.0 = Release|Any CPU
		{B4B9BB51-9B0B-4CDB-BE38-F56BAD19598F}.Debug|Any CPU.ActiveCfg = Debug|Any CPU
		{B4B9BB51-9B0B-4CDB-BE38-F56BAD19598F}.Debug|Any CPU.Build.0 = Debug|Any CPU
		{B4B9BB51-9B0B-4CDB-BE38-F56BAD19598F}.Release|Any CPU.ActiveCfg = Release|Any CPU
		{B4B9BB51-9B0B-4CDB-BE38-F56BAD19598F}.Release|Any CPU.Build.0 = Release|Any CPU
	EndGlobalSection
	GlobalSection(SolutionProperties) = preSolution
		HideSolutionNode = FALSE
	EndGlobalSection
	GlobalSection(NestedProjects) = preSolution
		{0DAB42DB-7021-4B8E-B113-53D786A7A783} = {1D626552-1388-4C03-85DD-891C6A1D79E3}
		{4F61DC73-0306-4E84-B0AD-96DA696538BD} = {1D626552-1388-4C03-85DD-891C6A1D79E3}
		{138B8CC9-BD89-40A9-8BFD-C1B4794C64C7} = {450B75BB-8CBF-475C-842A-4BEC08D42293}
		{BF862BBB-D3F1-49F6-BCC8-6C3DB36B84C1} = {450B75BB-8CBF-475C-842A-4BEC08D42293}
		{FFB712E2-02AB-418C-B361-8D80D5494B63} = {BF862BBB-D3F1-49F6-BCC8-6C3DB36B84C1}
		{84CC73BB-8759-44DE-9148-BD5293E0193E} = {1D626552-1388-4C03-85DD-891C6A1D79E3}
		{9E9C0F68-7613-4919-A0B3-B0AB5FDF00FA} = {1D626552-1388-4C03-85DD-891C6A1D79E3}
		{629DA8C5-0BE1-487E-B191-79AE709FFE81} = {1D626552-1388-4C03-85DD-891C6A1D79E3}
		{209132FE-0F19-4791-A2DD-B4EAD4B2D7AD} = {1D626552-1388-4C03-85DD-891C6A1D79E3}
		{B9DD8A1F-0DBA-424D-AEC4-01931917F6B2} = {1D626552-1388-4C03-85DD-891C6A1D79E3}
		{552C8577-272A-4814-BCDC-DEE133EDCF48} = {1D626552-1388-4C03-85DD-891C6A1D79E3}
		{96D5BABC-AA99-434B-AE4B-C3883534DBC2} = {1D626552-1388-4C03-85DD-891C6A1D79E3}
		{BADE3975-2343-4525-A06B-C138ABA4A3E7} = {1D626552-1388-4C03-85DD-891C6A1D79E3}
		{EFC1DA1F-FDCB-4BE4-B667-239ED0B61725} = {1D626552-1388-4C03-85DD-891C6A1D79E3}
		{311CBC1F-B29F-45E8-A6C7-F35848C4C80E} = {1D626552-1388-4C03-85DD-891C6A1D79E3}
		{4B508E82-0975-4671-8002-04C393417F82} = {1D626552-1388-4C03-85DD-891C6A1D79E3}
		{C994D495-7DBA-4650-B0AE-B1B437EFB923} = {1D626552-1388-4C03-85DD-891C6A1D79E3}
		{02AC0F9E-B67E-482F-BE4C-8D82EE40FA4D} = {1D626552-1388-4C03-85DD-891C6A1D79E3}
		{FB6C5F27-11C0-4040-981D-3BC7FBE5F450} = {1D626552-1388-4C03-85DD-891C6A1D79E3}
		{722D49BD-5E33-4F5E-99A0-177341DFC2BE} = {1D626552-1388-4C03-85DD-891C6A1D79E3}
		{C9BE1FD4-E451-4EC5-898D-F7BE9250E335} = {1D626552-1388-4C03-85DD-891C6A1D79E3}
		{302AE6DD-E232-40EB-9174-48C52433B18E} = {1D626552-1388-4C03-85DD-891C6A1D79E3}
		{B9A75D82-F614-4184-8228-81292A93E13B} = {1D626552-1388-4C03-85DD-891C6A1D79E3}
		{530DE948-C970-4098-9ABC-C0A45CCFB17D} = {1D626552-1388-4C03-85DD-891C6A1D79E3}
		{30E49935-4A5F-403B-9F8D-EF204640A40A} = {1D626552-1388-4C03-85DD-891C6A1D79E3}
		{B9E6DF8E-8EB7-48A2-BC51-1A53AF65D393} = {1D626552-1388-4C03-85DD-891C6A1D79E3}
		{B38AD4D1-E580-47F5-83E3-30DBB826CFAF} = {1D626552-1388-4C03-85DD-891C6A1D79E3}
		{E0B93BFF-9B13-4AEB-B068-426362274423} = {1D626552-1388-4C03-85DD-891C6A1D79E3}
		{C91D462E-C98A-48B8-83BC-F61A51770281} = {1D626552-1388-4C03-85DD-891C6A1D79E3}
		{8186F366-E32A-4BA6-B5E6-2FBDAA8D1E43} = {1D626552-1388-4C03-85DD-891C6A1D79E3}
		{ABF0CD6D-4643-48D1-939A-6D551AF0838B} = {1D626552-1388-4C03-85DD-891C6A1D79E3}
		{F69F702F-48D6-455B-80A0-6D985D6A47E3} = {1D626552-1388-4C03-85DD-891C6A1D79E3}
		{7BBD94DE-CB86-4846-A81A-FF187D9F573C} = {1D626552-1388-4C03-85DD-891C6A1D79E3}
		{D8AF8D8A-76C6-4512-9E94-D9CFECFE4F2E} = {1D626552-1388-4C03-85DD-891C6A1D79E3}
		{5944607F-C675-4C79-B74E-CC7A0534895E} = {1D626552-1388-4C03-85DD-891C6A1D79E3}
		{4AB7EB15-1021-4A6A-88D2-D1745F4FF1BD} = {1D626552-1388-4C03-85DD-891C6A1D79E3}
		{FB7DDD7B-578E-44BC-86F3-7FE684ED35C7} = {1D626552-1388-4C03-85DD-891C6A1D79E3}
		{2D14A6D0-A08B-4B6F-B2CE-A667E7E9A024} = {1D626552-1388-4C03-85DD-891C6A1D79E3}
		{C86B034B-954B-4F5F-BB5A-A7AB28F0C7E2} = {1D626552-1388-4C03-85DD-891C6A1D79E3}
		{EB377F06-1430-4E77-98C8-B8651BDED2B2} = {1D626552-1388-4C03-85DD-891C6A1D79E3}
		{BEB13581-C0F5-46F2-A05F-1A5447171989} = {1D626552-1388-4C03-85DD-891C6A1D79E3}
		{D1AA4FD9-DC30-46D9-9CEB-368396C01954} = {1D626552-1388-4C03-85DD-891C6A1D79E3}
		{6A5D3904-E052-4EC6-A932-8E97C4B00BAB} = {1D626552-1388-4C03-85DD-891C6A1D79E3}
		{2358EE4C-82F7-44D3-97F4-897C676E42AE} = {1D626552-1388-4C03-85DD-891C6A1D79E3}
		{5E329328-347A-443B-896A-7DC1E7248039} = {EB69E4C8-2C83-4AF1-8877-3B4F9C4B06FF}
		{EB69E4C8-2C83-4AF1-8877-3B4F9C4B06FF} = {450B75BB-8CBF-475C-842A-4BEC08D42293}
		{93D4755C-B4E6-44DE-8488-ADA4C3AB8E21} = {450B75BB-8CBF-475C-842A-4BEC08D42293}
		{B3E162E0-F8C4-4DAD-A672-42663763E256} = {93D4755C-B4E6-44DE-8488-ADA4C3AB8E21}
		{DBB167DF-0D7F-4D40-997C-60A4B5351DAB} = {138B8CC9-BD89-40A9-8BFD-C1B4794C64C7}
		{E660BF5C-F688-40CB-AAC0-1B4C0004D3ED} = {BF862BBB-D3F1-49F6-BCC8-6C3DB36B84C1}
		{9C060E23-B2BA-40D0-83E5-23CF07B22DFD} = {1D626552-1388-4C03-85DD-891C6A1D79E3}
		{51E3F869-66A1-4E66-94B4-81979E6C2C01} = {1D626552-1388-4C03-85DD-891C6A1D79E3}
		{1A7948C5-272F-4541-A689-00C9FD99ACED} = {1D626552-1388-4C03-85DD-891C6A1D79E3}
		{1AF76159-8216-4FA8-9FDB-FBA7BCDC1A9C} = {1D626552-1388-4C03-85DD-891C6A1D79E3}
		{C3924927-6504-4DEC-BCFE-8242C0E055FE} = {1D626552-1388-4C03-85DD-891C6A1D79E3}
		{FCA7939B-666C-4B37-A4BC-610DA1619034} = {1D626552-1388-4C03-85DD-891C6A1D79E3}
		{C2770245-5501-476A-9F85-7964DD343026} = {1D626552-1388-4C03-85DD-891C6A1D79E3}
		{D49CED54-F6B7-442E-B0D3-0191E4820C96} = {1D626552-1388-4C03-85DD-891C6A1D79E3}
		{B4B9BB51-9B0B-4CDB-BE38-F56BAD19598F} = {1D626552-1388-4C03-85DD-891C6A1D79E3}
	EndGlobalSection
	GlobalSection(ExtensibilityGlobals) = postSolution
		SolutionGuid = {B1D86C8F-0846-4450-917D-AD689AACC643}
	EndGlobalSection
EndGlobal
