
Microsoft Visual Studio Solution File, Format Version 12.00
# Visual Studio Version 17
VisualStudioVersion = 17.0.31612.314
MinimumVisualStudioVersion = 10.0.40219.1
Project("{2150E333-8FDC-42A3-9474-1A3956D46DE8}") = "Components", "Components", "{1D626552-1388-4C03-85DD-891C6A1D79E3}"
EndProject
Project("{2150E333-8FDC-42A3-9474-1A3956D46DE8}") = "Solution Items", "Solution Items", "{EB2D25EA-CCF8-4754-9CA8-46ED8134D0D9}"
	ProjectSection(SolutionItems) = preProject
		CONTRIBUTING.md = CONTRIBUTING.md
		Directory.Build.props = Directory.Build.props
		LICENSE = LICENSE
		MsIconSubsetUnicodeList.txt = MsIconSubsetUnicodeList.txt
		README.md = README.md
		TypescriptCommands.txt = TypescriptCommands.txt
		WhatsNew.md = WhatsNew.md
	EndProjectSection
EndProject
Project("{9A19103F-16F7-4668-BE54-9A1E7A4F7556}") = "BlazorFluentUI.Demo.Shared", "Demo\BlazorFluentUI.Demo.Shared\BlazorFluentUI.Demo.Shared.csproj", "{5E329328-347A-443B-896A-7DC1E7248039}"
EndProject
Project("{2150E333-8FDC-42A3-9474-1A3956D46DE8}") = "Demo", "Demo", "{450B75BB-8CBF-475C-842A-4BEC08D42293}"
EndProject
Project("{2150E333-8FDC-42A3-9474-1A3956D46DE8}") = "Shared", "Shared", "{EB69E4C8-2C83-4AF1-8877-3B4F9C4B06FF}"
EndProject
Project("{2150E333-8FDC-42A3-9474-1A3956D46DE8}") = "Clientside", "Clientside", "{93D4755C-B4E6-44DE-8488-ADA4C3AB8E21}"
EndProject
Project("{9A19103F-16F7-4668-BE54-9A1E7A4F7556}") = "BlazorFluentUI.Demo.Client", "Demo\BlazorFluentUI.Demo.Client\BlazorFluentUI.Demo.Client.csproj", "{B3E162E0-F8C4-4DAD-A672-42663763E256}"
EndProject
Project("{9A19103F-16F7-4668-BE54-9A1E7A4F7556}") = "BlazorFluentUI.Demo.Server", "Demo\BlazorFluentUI.Demo.Server\BlazorFluentUI.Demo.Server.csproj", "{DBB167DF-0D7F-4D40-997C-60A4B5351DAB}"
EndProject
Project("{2150E333-8FDC-42A3-9474-1A3956D46DE8}") = "Serverside", "Serverside", "{E416FEFD-F403-4F62-BB65-A1A010C13AE8}"
EndProject
Project("{9A19103F-16F7-4668-BE54-9A1E7A4F7556}") = "BlazorFluentUI.CoreComponents", "src\BlazorFluentUI.CoreComponents\BlazorFluentUI.CoreComponents.csproj", "{D4FB1B42-6E99-426F-9EB1-D3111FD4BF23}"
	ProjectSection(ProjectDependencies) = postProject
		{96BA5062-6D9C-470A-B937-86D17BCDC5F6} = {96BA5062-6D9C-470A-B937-86D17BCDC5F6}
	EndProjectSection
EndProject
Project("{9A19103F-16F7-4668-BE54-9A1E7A4F7556}") = "BlazorFluentUI.ListComponents", "src\BlazorFluentUI.ListComponents\BlazorFluentUI.ListComponents.csproj", "{8625EE1F-2059-43D2-A922-D5DC66CAFB2B}"
	ProjectSection(ProjectDependencies) = postProject
		{96BA5062-6D9C-470A-B937-86D17BCDC5F6} = {96BA5062-6D9C-470A-B937-86D17BCDC5F6}
	EndProjectSection
EndProject
Project("{2150E333-8FDC-42A3-9474-1A3956D46DE8}") = "pipelines", "pipelines", "{C791ACEB-4E1B-4C2B-9A20-105145ECACCA}"
	ProjectSection(SolutionItems) = preProject
		pipelines\pack-nightly-pipeline.yml = pipelines\pack-nightly-pipeline.yml
		pipelines\pack-nuget-org.yml = pipelines\pack-nuget-org.yml
	EndProjectSection
EndProject
Project("{2150E333-8FDC-42A3-9474-1A3956D46DE8}") = "Generators", "Generators", "{90CD7327-0498-4ACC-B06F-44E049134F8D}"
EndProject
Project("{9A19103F-16F7-4668-BE54-9A1E7A4F7556}") = "BlazorFluentUI.Demo.Generators", "Demo\BlazorFluentUI.Demo.Generators\BlazorFluentUI.Demo.Generators.csproj", "{96BA5062-6D9C-470A-B937-86D17BCDC5F6}"
EndProject
Global
	GlobalSection(SolutionConfigurationPlatforms) = preSolution
		Debug|Any CPU = Debug|Any CPU
		Release|Any CPU = Release|Any CPU
	EndGlobalSection
	GlobalSection(ProjectConfigurationPlatforms) = postSolution
		{5E329328-347A-443B-896A-7DC1E7248039}.Debug|Any CPU.ActiveCfg = Debug|Any CPU
		{5E329328-347A-443B-896A-7DC1E7248039}.Debug|Any CPU.Build.0 = Debug|Any CPU
		{5E329328-347A-443B-896A-7DC1E7248039}.Release|Any CPU.ActiveCfg = Release|Any CPU
		{5E329328-347A-443B-896A-7DC1E7248039}.Release|Any CPU.Build.0 = Release|Any CPU
		{B3E162E0-F8C4-4DAD-A672-42663763E256}.Debug|Any CPU.ActiveCfg = Debug|Any CPU
		{B3E162E0-F8C4-4DAD-A672-42663763E256}.Debug|Any CPU.Build.0 = Debug|Any CPU
		{B3E162E0-F8C4-4DAD-A672-42663763E256}.Release|Any CPU.ActiveCfg = Release|Any CPU
		{B3E162E0-F8C4-4DAD-A672-42663763E256}.Release|Any CPU.Build.0 = Release|Any CPU
		{DBB167DF-0D7F-4D40-997C-60A4B5351DAB}.Debug|Any CPU.ActiveCfg = Debug|Any CPU
		{DBB167DF-0D7F-4D40-997C-60A4B5351DAB}.Debug|Any CPU.Build.0 = Debug|Any CPU
		{DBB167DF-0D7F-4D40-997C-60A4B5351DAB}.Release|Any CPU.ActiveCfg = Release|Any CPU
		{DBB167DF-0D7F-4D40-997C-60A4B5351DAB}.Release|Any CPU.Build.0 = Release|Any CPU
		{D4FB1B42-6E99-426F-9EB1-D3111FD4BF23}.Debug|Any CPU.ActiveCfg = Debug|Any CPU
		{D4FB1B42-6E99-426F-9EB1-D3111FD4BF23}.Debug|Any CPU.Build.0 = Debug|Any CPU
		{D4FB1B42-6E99-426F-9EB1-D3111FD4BF23}.Release|Any CPU.ActiveCfg = Release|Any CPU
		{D4FB1B42-6E99-426F-9EB1-D3111FD4BF23}.Release|Any CPU.Build.0 = Release|Any CPU
		{8625EE1F-2059-43D2-A922-D5DC66CAFB2B}.Debug|Any CPU.ActiveCfg = Debug|Any CPU
		{8625EE1F-2059-43D2-A922-D5DC66CAFB2B}.Debug|Any CPU.Build.0 = Debug|Any CPU
		{8625EE1F-2059-43D2-A922-D5DC66CAFB2B}.Release|Any CPU.ActiveCfg = Release|Any CPU
		{8625EE1F-2059-43D2-A922-D5DC66CAFB2B}.Release|Any CPU.Build.0 = Release|Any CPU
		{96BA5062-6D9C-470A-B937-86D17BCDC5F6}.Debug|Any CPU.ActiveCfg = Debug|Any CPU
		{96BA5062-6D9C-470A-B937-86D17BCDC5F6}.Debug|Any CPU.Build.0 = Debug|Any CPU
		{96BA5062-6D9C-470A-B937-86D17BCDC5F6}.Release|Any CPU.ActiveCfg = Release|Any CPU
		{96BA5062-6D9C-470A-B937-86D17BCDC5F6}.Release|Any CPU.Build.0 = Release|Any CPU
	EndGlobalSection
	GlobalSection(SolutionProperties) = preSolution
		HideSolutionNode = FALSE
	EndGlobalSection
	GlobalSection(NestedProjects) = preSolution
		{5E329328-347A-443B-896A-7DC1E7248039} = {EB69E4C8-2C83-4AF1-8877-3B4F9C4B06FF}
		{EB69E4C8-2C83-4AF1-8877-3B4F9C4B06FF} = {450B75BB-8CBF-475C-842A-4BEC08D42293}
		{93D4755C-B4E6-44DE-8488-ADA4C3AB8E21} = {450B75BB-8CBF-475C-842A-4BEC08D42293}
		{B3E162E0-F8C4-4DAD-A672-42663763E256} = {93D4755C-B4E6-44DE-8488-ADA4C3AB8E21}
		{DBB167DF-0D7F-4D40-997C-60A4B5351DAB} = {E416FEFD-F403-4F62-BB65-A1A010C13AE8}
		{E416FEFD-F403-4F62-BB65-A1A010C13AE8} = {450B75BB-8CBF-475C-842A-4BEC08D42293}
		{D4FB1B42-6E99-426F-9EB1-D3111FD4BF23} = {1D626552-1388-4C03-85DD-891C6A1D79E3}
		{8625EE1F-2059-43D2-A922-D5DC66CAFB2B} = {1D626552-1388-4C03-85DD-891C6A1D79E3}
		{C791ACEB-4E1B-4C2B-9A20-105145ECACCA} = {EB2D25EA-CCF8-4754-9CA8-46ED8134D0D9}
		{90CD7327-0498-4ACC-B06F-44E049134F8D} = {450B75BB-8CBF-475C-842A-4BEC08D42293}
		{96BA5062-6D9C-470A-B937-86D17BCDC5F6} = {90CD7327-0498-4ACC-B06F-44E049134F8D}
	EndGlobalSection
	GlobalSection(ExtensibilityGlobals) = postSolution
		SolutionGuid = {B1D86C8F-0846-4450-917D-AD689AACC643}
	EndGlobalSection
EndGlobal
