
Microsoft Visual Studio Solution File, Format Version 12.00
# Visual Studio Version 16
VisualStudioVersion = 16.0.28917.182
MinimumVisualStudioVersion = 10.0.40219.1
Project("{9A19103F-16F7-4668-BE54-9A1E7A4F7556}") = "BlazorFabric.Test.ServerSide", "Test\ServerSide\BlazorFabric.Test.ServerSide.csproj", "{6FAAF245-D389-428E-A1F4-C5BC5779C5CE}"
EndProject
Project("{2150E333-8FDC-42A3-9474-1A3956D46DE8}") = "test", "test", "{ACA6BA0A-2438-4FA1-AD35-B6C176EB4993}"
EndProject
Project("{2150E333-8FDC-42A3-9474-1A3956D46DE8}") = "components", "components", "{1D626552-1388-4C03-85DD-891C6A1D79E3}"
EndProject
Project("{9A19103F-16F7-4668-BE54-9A1E7A4F7556}") = "BlazorFabric.Label", "src\BlazorFabric.Label\BlazorFabric.Label.csproj", "{0DAB42DB-7021-4B8E-B113-53D786A7A783}"
EndProject
Project("{9A19103F-16F7-4668-BE54-9A1E7A4F7556}") = "BlazorFabric.BaseComponent", "src\BlazorFabric.BaseComponent\BlazorFabric.BaseComponent.csproj", "{4F61DC73-0306-4E84-B0AD-96DA696538BD}"
EndProject
Project("{2150E333-8FDC-42A3-9474-1A3956D46DE8}") = "ServerSide", "ServerSide", "{138B8CC9-BD89-40A9-8BFD-C1B4794C64C7}"
EndProject
Project("{2150E333-8FDC-42A3-9474-1A3956D46DE8}") = "HostedClient", "HostedClient", "{BF862BBB-D3F1-49F6-BCC8-6C3DB36B84C1}"
EndProject
Project("{9A19103F-16F7-4668-BE54-9A1E7A4F7556}") = "BlazorFabric.Test.HostedClient.Shared", "Test\HostedClient\BlazorFabric.Test.HostedClient.Shared\BlazorFabric.Test.HostedClient.Shared.csproj", "{4D0D532B-EB61-46C6-87E0-82378B97024E}"
EndProject
Project("{9A19103F-16F7-4668-BE54-9A1E7A4F7556}") = "BlazorFabric.Test.HostedClient.Client", "Test\HostedClient\BlazorFabric.Test.HostedClient.Client\BlazorFabric.Test.HostedClient.Client.csproj", "{FFB712E2-02AB-418C-B361-8D80D5494B63}"
EndProject
Project("{9A19103F-16F7-4668-BE54-9A1E7A4F7556}") = "BlazorFabric.Test.HostedClient.Server", "Test\HostedClient\BlazorFabric.Test.HostedClient.Server\BlazorFabric.Test.HostedClient.Server.csproj", "{8632CA6F-9662-4C76-932A-168B0E4968A8}"
EndProject
Project("{9A19103F-16F7-4668-BE54-9A1E7A4F7556}") = "BlazorFabric.Checkbox", "src\BlazorFabric.Checkbox\BlazorFabric.Checkbox.csproj", "{84CC73BB-8759-44DE-9148-BD5293E0193E}"
EndProject
Project("{9A19103F-16F7-4668-BE54-9A1E7A4F7556}") = "BlazorFabric.List", "src\BlazorFabric.List\BlazorFabric.List.csproj", "{9E9C0F68-7613-4919-A0B3-B0AB5FDF00FA}"
EndProject
Project("{9A19103F-16F7-4668-BE54-9A1E7A4F7556}") = "BlazorFabric.Button", "src\BlazorFabric.Button\BlazorFabric.Button.csproj", "{629DA8C5-0BE1-487E-B191-79AE709FFE81}"
EndProject
Project("{9A19103F-16F7-4668-BE54-9A1E7A4F7556}") = "BlazorFabric.TextField", "src\BlazorFabric.TextField\BlazorFabric.TextField.csproj", "{209132FE-0F19-4791-A2DD-B4EAD4B2D7AD}"
EndProject
Project("{9A19103F-16F7-4668-BE54-9A1E7A4F7556}") = "BlazorFabric.DelayedRender", "src\BlazorFabric.DelayedRender\BlazorFabric.DelayedRender.csproj", "{B9DD8A1F-0DBA-424D-AEC4-01931917F6B2}"
EndProject
Project("{9A19103F-16F7-4668-BE54-9A1E7A4F7556}") = "BlazorFabric.Icon", "src\BlazorFabric.Icon\BlazorFabric.Icon.csproj", "{552C8577-272A-4814-BCDC-DEE133EDCF48}"
EndProject
Project("{9A19103F-16F7-4668-BE54-9A1E7A4F7556}") = "BlazorFabric.Nav", "src\BlazorFabric.Nav\BlazorFabric.Nav.csproj", "{96D5BABC-AA99-434B-AE4B-C3883534DBC2}"
EndProject
Project("{9A19103F-16F7-4668-BE54-9A1E7A4F7556}") = "BlazorFabric.ContextualMenu", "src\BlazorFabric.ContextualMenu\BlazorFabric.ContextualMenu.csproj", "{BADE3975-2343-4525-A06B-C138ABA4A3E7}"
EndProject
Project("{9A19103F-16F7-4668-BE54-9A1E7A4F7556}") = "BlazorFabric.Callout", "src\BlazorFabric.Callout\BlazorFabric.Callout.csproj", "{EFC1DA1F-FDCB-4BE4-B667-239ED0B61725}"
EndProject
Project("{9A19103F-16F7-4668-BE54-9A1E7A4F7556}") = "BlazorFabric.Layer", "src\BlazorFabric.Layer\BlazorFabric.Layer.csproj", "{311CBC1F-B29F-45E8-A6C7-F35848C4C80E}"
EndProject
Project("{9A19103F-16F7-4668-BE54-9A1E7A4F7556}") = "BlazorFabric.Popup", "src\BlazorFabric.Popup\BlazorFabric.Popup.csproj", "{4B508E82-0975-4671-8002-04C393417F82}"
EndProject
Project("{9A19103F-16F7-4668-BE54-9A1E7A4F7556}") = "BlazorFabric.Dropdown", "src\BlazorFabric.Dropdown\BlazorFabric.Dropdown.csproj", "{C994D495-7DBA-4650-B0AE-B1B437EFB923}"
EndProject
Global
	GlobalSection(SolutionConfigurationPlatforms) = preSolution
		Debug|Any CPU = Debug|Any CPU
		Release|Any CPU = Release|Any CPU
	EndGlobalSection
	GlobalSection(ProjectConfigurationPlatforms) = postSolution
		{6FAAF245-D389-428E-A1F4-C5BC5779C5CE}.Debug|Any CPU.ActiveCfg = Debug|Any CPU
		{6FAAF245-D389-428E-A1F4-C5BC5779C5CE}.Debug|Any CPU.Build.0 = Debug|Any CPU
		{6FAAF245-D389-428E-A1F4-C5BC5779C5CE}.Release|Any CPU.ActiveCfg = Release|Any CPU
		{6FAAF245-D389-428E-A1F4-C5BC5779C5CE}.Release|Any CPU.Build.0 = Release|Any CPU
		{0DAB42DB-7021-4B8E-B113-53D786A7A783}.Debug|Any CPU.ActiveCfg = Debug|Any CPU
		{0DAB42DB-7021-4B8E-B113-53D786A7A783}.Debug|Any CPU.Build.0 = Debug|Any CPU
		{0DAB42DB-7021-4B8E-B113-53D786A7A783}.Release|Any CPU.ActiveCfg = Release|Any CPU
		{0DAB42DB-7021-4B8E-B113-53D786A7A783}.Release|Any CPU.Build.0 = Release|Any CPU
		{4F61DC73-0306-4E84-B0AD-96DA696538BD}.Debug|Any CPU.ActiveCfg = Debug|Any CPU
		{4F61DC73-0306-4E84-B0AD-96DA696538BD}.Debug|Any CPU.Build.0 = Debug|Any CPU
		{4F61DC73-0306-4E84-B0AD-96DA696538BD}.Release|Any CPU.ActiveCfg = Release|Any CPU
		{4F61DC73-0306-4E84-B0AD-96DA696538BD}.Release|Any CPU.Build.0 = Release|Any CPU
		{4D0D532B-EB61-46C6-87E0-82378B97024E}.Debug|Any CPU.ActiveCfg = Debug|Any CPU
		{4D0D532B-EB61-46C6-87E0-82378B97024E}.Debug|Any CPU.Build.0 = Debug|Any CPU
		{4D0D532B-EB61-46C6-87E0-82378B97024E}.Release|Any CPU.ActiveCfg = Release|Any CPU
		{4D0D532B-EB61-46C6-87E0-82378B97024E}.Release|Any CPU.Build.0 = Release|Any CPU
		{FFB712E2-02AB-418C-B361-8D80D5494B63}.Debug|Any CPU.ActiveCfg = Debug|Any CPU
		{FFB712E2-02AB-418C-B361-8D80D5494B63}.Debug|Any CPU.Build.0 = Debug|Any CPU
		{FFB712E2-02AB-418C-B361-8D80D5494B63}.Release|Any CPU.ActiveCfg = Release|Any CPU
		{FFB712E2-02AB-418C-B361-8D80D5494B63}.Release|Any CPU.Build.0 = Release|Any CPU
		{8632CA6F-9662-4C76-932A-168B0E4968A8}.Debug|Any CPU.ActiveCfg = Debug|Any CPU
		{8632CA6F-9662-4C76-932A-168B0E4968A8}.Debug|Any CPU.Build.0 = Debug|Any CPU
		{8632CA6F-9662-4C76-932A-168B0E4968A8}.Release|Any CPU.ActiveCfg = Release|Any CPU
		{8632CA6F-9662-4C76-932A-168B0E4968A8}.Release|Any CPU.Build.0 = Release|Any CPU
		{84CC73BB-8759-44DE-9148-BD5293E0193E}.Debug|Any CPU.ActiveCfg = Debug|Any CPU
		{84CC73BB-8759-44DE-9148-BD5293E0193E}.Debug|Any CPU.Build.0 = Debug|Any CPU
		{84CC73BB-8759-44DE-9148-BD5293E0193E}.Release|Any CPU.ActiveCfg = Release|Any CPU
		{84CC73BB-8759-44DE-9148-BD5293E0193E}.Release|Any CPU.Build.0 = Release|Any CPU
		{9E9C0F68-7613-4919-A0B3-B0AB5FDF00FA}.Debug|Any CPU.ActiveCfg = Debug|Any CPU
		{9E9C0F68-7613-4919-A0B3-B0AB5FDF00FA}.Debug|Any CPU.Build.0 = Debug|Any CPU
		{9E9C0F68-7613-4919-A0B3-B0AB5FDF00FA}.Release|Any CPU.ActiveCfg = Release|Any CPU
		{9E9C0F68-7613-4919-A0B3-B0AB5FDF00FA}.Release|Any CPU.Build.0 = Release|Any CPU
		{629DA8C5-0BE1-487E-B191-79AE709FFE81}.Debug|Any CPU.ActiveCfg = Debug|Any CPU
		{629DA8C5-0BE1-487E-B191-79AE709FFE81}.Debug|Any CPU.Build.0 = Debug|Any CPU
		{629DA8C5-0BE1-487E-B191-79AE709FFE81}.Release|Any CPU.ActiveCfg = Release|Any CPU
		{629DA8C5-0BE1-487E-B191-79AE709FFE81}.Release|Any CPU.Build.0 = Release|Any CPU
		{209132FE-0F19-4791-A2DD-B4EAD4B2D7AD}.Debug|Any CPU.ActiveCfg = Debug|Any CPU
		{209132FE-0F19-4791-A2DD-B4EAD4B2D7AD}.Debug|Any CPU.Build.0 = Debug|Any CPU
		{209132FE-0F19-4791-A2DD-B4EAD4B2D7AD}.Release|Any CPU.ActiveCfg = Release|Any CPU
		{209132FE-0F19-4791-A2DD-B4EAD4B2D7AD}.Release|Any CPU.Build.0 = Release|Any CPU
		{B9DD8A1F-0DBA-424D-AEC4-01931917F6B2}.Debug|Any CPU.ActiveCfg = Debug|Any CPU
		{B9DD8A1F-0DBA-424D-AEC4-01931917F6B2}.Debug|Any CPU.Build.0 = Debug|Any CPU
		{B9DD8A1F-0DBA-424D-AEC4-01931917F6B2}.Release|Any CPU.ActiveCfg = Release|Any CPU
		{B9DD8A1F-0DBA-424D-AEC4-01931917F6B2}.Release|Any CPU.Build.0 = Release|Any CPU
		{552C8577-272A-4814-BCDC-DEE133EDCF48}.Debug|Any CPU.ActiveCfg = Debug|Any CPU
		{552C8577-272A-4814-BCDC-DEE133EDCF48}.Debug|Any CPU.Build.0 = Debug|Any CPU
		{552C8577-272A-4814-BCDC-DEE133EDCF48}.Release|Any CPU.ActiveCfg = Release|Any CPU
		{552C8577-272A-4814-BCDC-DEE133EDCF48}.Release|Any CPU.Build.0 = Release|Any CPU
		{96D5BABC-AA99-434B-AE4B-C3883534DBC2}.Debug|Any CPU.ActiveCfg = Debug|Any CPU
		{96D5BABC-AA99-434B-AE4B-C3883534DBC2}.Debug|Any CPU.Build.0 = Debug|Any CPU
		{96D5BABC-AA99-434B-AE4B-C3883534DBC2}.Release|Any CPU.ActiveCfg = Release|Any CPU
		{96D5BABC-AA99-434B-AE4B-C3883534DBC2}.Release|Any CPU.Build.0 = Release|Any CPU
		{BADE3975-2343-4525-A06B-C138ABA4A3E7}.Debug|Any CPU.ActiveCfg = Debug|Any CPU
		{BADE3975-2343-4525-A06B-C138ABA4A3E7}.Debug|Any CPU.Build.0 = Debug|Any CPU
		{BADE3975-2343-4525-A06B-C138ABA4A3E7}.Release|Any CPU.ActiveCfg = Release|Any CPU
		{BADE3975-2343-4525-A06B-C138ABA4A3E7}.Release|Any CPU.Build.0 = Release|Any CPU
		{EFC1DA1F-FDCB-4BE4-B667-239ED0B61725}.Debug|Any CPU.ActiveCfg = Debug|Any CPU
		{EFC1DA1F-FDCB-4BE4-B667-239ED0B61725}.Debug|Any CPU.Build.0 = Debug|Any CPU
		{EFC1DA1F-FDCB-4BE4-B667-239ED0B61725}.Release|Any CPU.ActiveCfg = Release|Any CPU
		{EFC1DA1F-FDCB-4BE4-B667-239ED0B61725}.Release|Any CPU.Build.0 = Release|Any CPU
		{311CBC1F-B29F-45E8-A6C7-F35848C4C80E}.Debug|Any CPU.ActiveCfg = Debug|Any CPU
		{311CBC1F-B29F-45E8-A6C7-F35848C4C80E}.Debug|Any CPU.Build.0 = Debug|Any CPU
		{311CBC1F-B29F-45E8-A6C7-F35848C4C80E}.Release|Any CPU.ActiveCfg = Release|Any CPU
		{311CBC1F-B29F-45E8-A6C7-F35848C4C80E}.Release|Any CPU.Build.0 = Release|Any CPU
		{4B508E82-0975-4671-8002-04C393417F82}.Debug|Any CPU.ActiveCfg = Debug|Any CPU
		{4B508E82-0975-4671-8002-04C393417F82}.Debug|Any CPU.Build.0 = Debug|Any CPU
		{4B508E82-0975-4671-8002-04C393417F82}.Release|Any CPU.ActiveCfg = Release|Any CPU
		{4B508E82-0975-4671-8002-04C393417F82}.Release|Any CPU.Build.0 = Release|Any CPU
		{C994D495-7DBA-4650-B0AE-B1B437EFB923}.Debug|Any CPU.ActiveCfg = Debug|Any CPU
		{C994D495-7DBA-4650-B0AE-B1B437EFB923}.Debug|Any CPU.Build.0 = Debug|Any CPU
		{C994D495-7DBA-4650-B0AE-B1B437EFB923}.Release|Any CPU.ActiveCfg = Release|Any CPU
		{C994D495-7DBA-4650-B0AE-B1B437EFB923}.Release|Any CPU.Build.0 = Release|Any CPU
	EndGlobalSection
	GlobalSection(SolutionProperties) = preSolution
		HideSolutionNode = FALSE
	EndGlobalSection
	GlobalSection(NestedProjects) = preSolution
		{6FAAF245-D389-428E-A1F4-C5BC5779C5CE} = {138B8CC9-BD89-40A9-8BFD-C1B4794C64C7}
		{0DAB42DB-7021-4B8E-B113-53D786A7A783} = {1D626552-1388-4C03-85DD-891C6A1D79E3}
		{4F61DC73-0306-4E84-B0AD-96DA696538BD} = {1D626552-1388-4C03-85DD-891C6A1D79E3}
		{138B8CC9-BD89-40A9-8BFD-C1B4794C64C7} = {ACA6BA0A-2438-4FA1-AD35-B6C176EB4993}
		{BF862BBB-D3F1-49F6-BCC8-6C3DB36B84C1} = {ACA6BA0A-2438-4FA1-AD35-B6C176EB4993}
		{4D0D532B-EB61-46C6-87E0-82378B97024E} = {BF862BBB-D3F1-49F6-BCC8-6C3DB36B84C1}
		{FFB712E2-02AB-418C-B361-8D80D5494B63} = {BF862BBB-D3F1-49F6-BCC8-6C3DB36B84C1}
		{8632CA6F-9662-4C76-932A-168B0E4968A8} = {BF862BBB-D3F1-49F6-BCC8-6C3DB36B84C1}
		{84CC73BB-8759-44DE-9148-BD5293E0193E} = {1D626552-1388-4C03-85DD-891C6A1D79E3}
		{9E9C0F68-7613-4919-A0B3-B0AB5FDF00FA} = {1D626552-1388-4C03-85DD-891C6A1D79E3}
		{629DA8C5-0BE1-487E-B191-79AE709FFE81} = {1D626552-1388-4C03-85DD-891C6A1D79E3}
		{209132FE-0F19-4791-A2DD-B4EAD4B2D7AD} = {1D626552-1388-4C03-85DD-891C6A1D79E3}
		{B9DD8A1F-0DBA-424D-AEC4-01931917F6B2} = {1D626552-1388-4C03-85DD-891C6A1D79E3}
		{552C8577-272A-4814-BCDC-DEE133EDCF48} = {1D626552-1388-4C03-85DD-891C6A1D79E3}
		{96D5BABC-AA99-434B-AE4B-C3883534DBC2} = {1D626552-1388-4C03-85DD-891C6A1D79E3}
		{BADE3975-2343-4525-A06B-C138ABA4A3E7} = {1D626552-1388-4C03-85DD-891C6A1D79E3}
		{EFC1DA1F-FDCB-4BE4-B667-239ED0B61725} = {1D626552-1388-4C03-85DD-891C6A1D79E3}
		{311CBC1F-B29F-45E8-A6C7-F35848C4C80E} = {1D626552-1388-4C03-85DD-891C6A1D79E3}
		{4B508E82-0975-4671-8002-04C393417F82} = {1D626552-1388-4C03-85DD-891C6A1D79E3}
		{C994D495-7DBA-4650-B0AE-B1B437EFB923} = {1D626552-1388-4C03-85DD-891C6A1D79E3}
	EndGlobalSection
	GlobalSection(ExtensibilityGlobals) = postSolution
		SolutionGuid = {B1D86C8F-0846-4450-917D-AD689AACC643}
	EndGlobalSection
EndGlobal
